
Microsoft Visual Studio Solution File, Format Version 12.00
# Visual Studio Version 16
VisualStudioVersion = 16.0.29123.88
MinimumVisualStudioVersion = 10.0.40219.1
Project("{FAE04EC0-301F-11D3-BF4B-00C04F79EFBC}") = "Cw1", "Cw1.csproj", "{AC0DA056-A507-4720-9E0D-48A1EB4B3FA0}"
EndProject
Global
	GlobalSection(SolutionConfigurationPlatforms) = preSolution
		Debug|Any CPU = Debug|Any CPU
		Release|Any CPU = Release|Any CPU
	EndGlobalSection
	GlobalSection(ProjectConfigurationPlatforms) = postSolution
		{AC0DA056-A507-4720-9E0D-48A1EB4B3FA0}.Debug|Any CPU.ActiveCfg = Debug|Any CPU
		{AC0DA056-A507-4720-9E0D-48A1EB4B3FA0}.Debug|Any CPU.Build.0 = Debug|Any CPU
		{AC0DA056-A507-4720-9E0D-48A1EB4B3FA0}.Release|Any CPU.ActiveCfg = Release|Any CPU
		{AC0DA056-A507-4720-9E0D-48A1EB4B3FA0}.Release|Any CPU.Build.0 = Release|Any CPU
	EndGlobalSection
	GlobalSection(SolutionProperties) = preSolution
		HideSolutionNode = FALSE
	EndGlobalSection
	GlobalSection(ExtensibilityGlobals) = postSolution
		SolutionGuid = {C2E16DF5-920D-4FA5-8C42-5BB5EEAF749C}
	EndGlobalSection
EndGlobal
